
Microsoft Visual Studio Solution File, Format Version 12.00
# Visual Studio Version 17
VisualStudioVersion = 17.14.36915.13 d17.14
MinimumVisualStudioVersion = 10.0.40219.1
Project("{FAE04EC0-301F-11D3-BF4B-00C04F79EFBC}") = "MauiNews.ConsoleApp", "MauiNews.ConsoleApp\MauiNews.ConsoleApp.csproj", "{DAA199EC-3AF5-4C52-A3AF-91C476C8F986}"
EndProject
Project("{FAE04EC0-301F-11D3-BF4B-00C04F79EFBC}") = "Core", "Core\Core.csproj", "{EB759B8C-255C-40A2-9E26-0A6A13A876FC}"
EndProject
Project("{FAE04EC0-301F-11D3-BF4B-00C04F79EFBC}") = "MauiNews.MobileApp", "MauiNews.MobileApp\MauiNews.MobileApp.csproj", "{02A2AF74-5840-4F30-98CC-FFD2B90B7D38}"
EndProject
Global
	GlobalSection(SolutionConfigurationPlatforms) = preSolution
		Debug|Any CPU = Debug|Any CPU
		Release|Any CPU = Release|Any CPU
	EndGlobalSection
	GlobalSection(ProjectConfigurationPlatforms) = postSolution
		{DAA199EC-3AF5-4C52-A3AF-91C476C8F986}.Debug|Any CPU.ActiveCfg = Debug|Any CPU
		{DAA199EC-3AF5-4C52-A3AF-91C476C8F986}.Debug|Any CPU.Build.0 = Debug|Any CPU
		{DAA199EC-3AF5-4C52-A3AF-91C476C8F986}.Release|Any CPU.ActiveCfg = Release|Any CPU
		{DAA199EC-3AF5-4C52-A3AF-91C476C8F986}.Release|Any CPU.Build.0 = Release|Any CPU
		{EB759B8C-255C-40A2-9E26-0A6A13A876FC}.Debug|Any CPU.ActiveCfg = Debug|Any CPU
		{EB759B8C-255C-40A2-9E26-0A6A13A876FC}.Debug|Any CPU.Build.0 = Debug|Any CPU
		{EB759B8C-255C-40A2-9E26-0A6A13A876FC}.Release|Any CPU.ActiveCfg = Release|Any CPU
		{EB759B8C-255C-40A2-9E26-0A6A13A876FC}.Release|Any CPU.Build.0 = Release|Any CPU
		{02A2AF74-5840-4F30-98CC-FFD2B90B7D38}.Debug|Any CPU.ActiveCfg = Debug|Any CPU
		{02A2AF74-5840-4F30-98CC-FFD2B90B7D38}.Debug|Any CPU.Build.0 = Debug|Any CPU
		{02A2AF74-5840-4F30-98CC-FFD2B90B7D38}.Debug|Any CPU.Deploy.0 = Debug|Any CPU
		{02A2AF74-5840-4F30-98CC-FFD2B90B7D38}.Release|Any CPU.ActiveCfg = Release|Any CPU
		{02A2AF74-5840-4F30-98CC-FFD2B90B7D38}.Release|Any CPU.Build.0 = Release|Any CPU
	EndGlobalSection
	GlobalSection(SolutionProperties) = preSolution
		HideSolutionNode = FALSE
	EndGlobalSection
	GlobalSection(ExtensibilityGlobals) = postSolution
		SolutionGuid = {C7D71483-7B80-45C3-8C59-9BF2A4F7ACB9}
	EndGlobalSection
EndGlobal
